// !$*UTF8*$!
{
	archiveVersion = 1;
	classes = {
	};
	objectVersion = 56;
	objects = {

/* Begin PBXBuildFile section */
		C50823222D70227F00ECE259 /* L10n.swift in Sources */ = {isa = PBXBuildFile; fileRef = C508231A2D70227F00ECE259 /* L10n.swift */; };
		C50823232D70227F00ECE259 /* SwiftExplorerApp.swift in Sources */ = {isa = PBXBuildFile; fileRef = C508230F2D70227F00ECE259 /* SwiftExplorerApp.swift */; };
		C50823262D70227F00ECE259 /* HomeView.swift in Sources */ = {isa = PBXBuildFile; fileRef = C50823172D70227F00ECE259 /* HomeView.swift */; };
		C50823272D70227F00ECE259 /* Assets.xcassets in Resources */ = {isa = PBXBuildFile; fileRef = C50823112D70227F00ECE259 /* Assets.xcassets */; };
		C50823282D70227F00ECE259 /* Preview Assets.xcassets in Resources */ = {isa = PBXBuildFile; fileRef = C508231F2D70227F00ECE259 /* Preview Assets.xcassets */; };
		C50823292D70227F00ECE259 /* GoogleService-Info.plist in Resources */ = {isa = PBXBuildFile; fileRef = C508231C2D70227F00ECE259 /* GoogleService-Info.plist */; };
		C508232A2D70227F00ECE259 /* L10n.swift in Sources */ = {isa = PBXBuildFile; fileRef = C508231A2D70227F00ECE259 /* L10n.swift */; };
		C508232B2D70227F00ECE259 /* SwiftExplorerApp.swift in Sources */ = {isa = PBXBuildFile; fileRef = C508230F2D70227F00ECE259 /* SwiftExplorerApp.swift */; };
		C508232E2D70227F00ECE259 /* HomeView.swift in Sources */ = {isa = PBXBuildFile; fileRef = C50823172D70227F00ECE259 /* HomeView.swift */; };
		C508232F2D70227F00ECE259 /* Assets.xcassets in Resources */ = {isa = PBXBuildFile; fileRef = C50823112D70227F00ECE259 /* Assets.xcassets */; };
		C50823302D70227F00ECE259 /* Preview Assets.xcassets in Resources */ = {isa = PBXBuildFile; fileRef = C508231F2D70227F00ECE259 /* Preview Assets.xcassets */; };
		C50823312D70227F00ECE259 /* GoogleService-Info.plist in Resources */ = {isa = PBXBuildFile; fileRef = C508231C2D70227F00ECE259 /* GoogleService-Info.plist */; };
		C50823352D70231D00ECE259 /* SwiftExplorer.strings in Resources */ = {isa = PBXBuildFile; fileRef = C50823342D70231500ECE259 /* SwiftExplorer.strings */; };
		C50823362D70231D00ECE259 /* SwiftExplorer.strings in Resources */ = {isa = PBXBuildFile; fileRef = C50823342D70231500ECE259 /* SwiftExplorer.strings */; };
		C512A2A62C28D54F00175F0B /* Lowlevel in Frameworks */ = {isa = PBXBuildFile; productRef = C512A2A52C28D54F00175F0B /* Lowlevel */; };
		C519A74F2C26ED6B00BF91E3 /* Theme in Frameworks */ = {isa = PBXBuildFile; productRef = C519A74E2C26ED6B00BF91E3 /* Theme */; };
		C531BE6E2E1E21C9005F5829 /* CommonTest in Frameworks */ = {isa = PBXBuildFile; productRef = C531BE6D2E1E21C9005F5829 /* CommonTest */; };
		C5AA91DB2E19841D00777E54 /* HomeViewModel.swift in Sources */ = {isa = PBXBuildFile; fileRef = C5AA91DA2E19841A00777E54 /* HomeViewModel.swift */; };
		C5AA91DC2E19841D00777E54 /* HomeViewModel.swift in Sources */ = {isa = PBXBuildFile; fileRef = C5AA91DA2E19841A00777E54 /* HomeViewModel.swift */; };
		C5AA92132DD6F0C8004593B9 /* HomeViewTests.swift in Sources */ = {isa = PBXBuildFile; fileRef = C5AA92122DD6F0B9004593B9 /* HomeViewTests.swift */; };
		C5ABF1162E1EEA3B00CE81E3 /* Common in Frameworks */ = {isa = PBXBuildFile; productRef = C5ABF1152E1EEA3B00CE81E3 /* Common */; };
		C5ABF1192E1EEA9D00CE81E3 /* AboutView.swift in Sources */ = {isa = PBXBuildFile; fileRef = C5ABF1182E1EEA9A00CE81E3 /* AboutView.swift */; };
		C5ABF11A2E1EEA9D00CE81E3 /* AboutView.swift in Sources */ = {isa = PBXBuildFile; fileRef = C5ABF1182E1EEA9A00CE81E3 /* AboutView.swift */; };
		C5ABF11E2E1EF39E00CE81E3 /* AboutViewTests.swift in Sources */ = {isa = PBXBuildFile; fileRef = C5ABF11D2E1EF39900CE81E3 /* AboutViewTests.swift */; };
		C5ABF12B2E1EF6B900CE81E3 /* testShouldValidateLayout.1.png in Resources */ = {isa = PBXBuildFile; fileRef = C5ABF1282E1EF6B900CE81E3 /* testShouldValidateLayout.1.png */; };
		C5ABF12C2E1EF6B900CE81E3 /* testShouldValidateAboutViewLayout.1.png in Resources */ = {isa = PBXBuildFile; fileRef = C5ABF1262E1EF6B900CE81E3 /* testShouldValidateAboutViewLayout.1.png */; };
		C5C5DBD32D701CA20015F7AC /* Analytics in Frameworks */ = {isa = PBXBuildFile; productRef = C5C5DBD22D701CA20015F7AC /* Analytics */; };
/* End PBXBuildFile section */

/* Begin PBXContainerItemProxy section */
		C58379DA2C26A3450068D178 /* PBXContainerItemProxy */ = {
			isa = PBXContainerItemProxy;
			containerPortal = C58379C02C26A3440068D178 /* Project object */;
			proxyType = 1;
			remoteGlobalIDString = C58379C72C26A3440068D178;
			remoteInfo = SwiftExplorer;
		};
/* End PBXContainerItemProxy section */

/* Begin PBXFileReference section */
		C508230F2D70227F00ECE259 /* SwiftExplorerApp.swift */ = {isa = PBXFileReference; lastKnownFileType = sourcecode.swift; path = SwiftExplorerApp.swift; sourceTree = "<group>"; };
		C50823112D70227F00ECE259 /* Assets.xcassets */ = {isa = PBXFileReference; lastKnownFileType = folder.assetcatalog; path = Assets.xcassets; sourceTree = "<group>"; };
		C50823172D70227F00ECE259 /* HomeView.swift */ = {isa = PBXFileReference; lastKnownFileType = sourcecode.swift; path = HomeView.swift; sourceTree = "<group>"; };
		C508231A2D70227F00ECE259 /* L10n.swift */ = {isa = PBXFileReference; lastKnownFileType = sourcecode.swift; path = L10n.swift; sourceTree = "<group>"; };
		C508231C2D70227F00ECE259 /* GoogleService-Info.plist */ = {isa = PBXFileReference; lastKnownFileType = text.plist.xml; path = "GoogleService-Info.plist"; sourceTree = "<group>"; };
		C508231F2D70227F00ECE259 /* Preview Assets.xcassets */ = {isa = PBXFileReference; lastKnownFileType = folder.assetcatalog; path = "Preview Assets.xcassets"; sourceTree = "<group>"; };
		C50823212D70227F00ECE259 /* SwiftExplorer.entitlements */ = {isa = PBXFileReference; lastKnownFileType = text.plist.entitlements; path = SwiftExplorer.entitlements; sourceTree = "<group>"; };
		C50823342D70231500ECE259 /* SwiftExplorer.strings */ = {isa = PBXFileReference; lastKnownFileType = text.plist.strings; path = SwiftExplorer.strings; sourceTree = "<group>"; };
		C58379C82C26A3440068D178 /* SwiftExplorer.app */ = {isa = PBXFileReference; explicitFileType = wrapper.application; includeInIndex = 0; path = SwiftExplorer.app; sourceTree = BUILT_PRODUCTS_DIR; };
		C58379D92C26A3450068D178 /* SwiftExplorerTests.xctest */ = {isa = PBXFileReference; explicitFileType = wrapper.cfbundle; includeInIndex = 0; path = SwiftExplorerTests.xctest; sourceTree = BUILT_PRODUCTS_DIR; };
		C5AA91DA2E19841A00777E54 /* HomeViewModel.swift */ = {isa = PBXFileReference; lastKnownFileType = sourcecode.swift; path = HomeViewModel.swift; sourceTree = "<group>"; };
		C5AA92122DD6F0B9004593B9 /* HomeViewTests.swift */ = {isa = PBXFileReference; lastKnownFileType = sourcecode.swift; path = HomeViewTests.swift; sourceTree = "<group>"; };
		C5ABF1142E1EE90600CE81E3 /* Common */ = {isa = PBXFileReference; lastKnownFileType = wrapper; path = Common; sourceTree = "<group>"; };
		C5ABF1182E1EEA9A00CE81E3 /* AboutView.swift */ = {isa = PBXFileReference; lastKnownFileType = sourcecode.swift; path = AboutView.swift; sourceTree = "<group>"; };
		C5ABF11D2E1EF39900CE81E3 /* AboutViewTests.swift */ = {isa = PBXFileReference; lastKnownFileType = sourcecode.swift; path = AboutViewTests.swift; sourceTree = "<group>"; };
		C5ABF1262E1EF6B900CE81E3 /* testShouldValidateAboutViewLayout.1.png */ = {isa = PBXFileReference; lastKnownFileType = image.png; path = testShouldValidateAboutViewLayout.1.png; sourceTree = "<group>"; };
		C5ABF1282E1EF6B900CE81E3 /* testShouldValidateLayout.1.png */ = {isa = PBXFileReference; lastKnownFileType = image.png; path = testShouldValidateLayout.1.png; sourceTree = "<group>"; };
		C5C5DBCC2D701C690015F7AC /* Analytics */ = {isa = PBXFileReference; lastKnownFileType = wrapper; path = Analytics; sourceTree = "<group>"; };
		C5C5DBCD2D701C690015F7AC /* CommonTest */ = {isa = PBXFileReference; lastKnownFileType = wrapper; path = CommonTest; sourceTree = "<group>"; };
		C5C5DBCF2D701C690015F7AC /* Lowlevel */ = {isa = PBXFileReference; lastKnownFileType = wrapper; path = Lowlevel; sourceTree = "<group>"; };
		C5C5DBD02D701C690015F7AC /* Theme */ = {isa = PBXFileReference; lastKnownFileType = wrapper; path = Theme; sourceTree = "<group>"; };
/* End PBXFileReference section */

/* Begin PBXFrameworksBuildPhase section */
		C58379C52C26A3440068D178 /* Frameworks */ = {
			isa = PBXFrameworksBuildPhase;
			buildActionMask = 2147483647;
			files = (
				C519A74F2C26ED6B00BF91E3 /* Theme in Frameworks */,
				C5C5DBD32D701CA20015F7AC /* Analytics in Frameworks */,
				C512A2A62C28D54F00175F0B /* Lowlevel in Frameworks */,
				C5ABF1162E1EEA3B00CE81E3 /* Common in Frameworks */,
			);
			runOnlyForDeploymentPostprocessing = 0;
		};
		C58379D62C26A3450068D178 /* Frameworks */ = {
			isa = PBXFrameworksBuildPhase;
			buildActionMask = 2147483647;
			files = (
				C531BE6E2E1E21C9005F5829 /* CommonTest in Frameworks */,
			);
			runOnlyForDeploymentPostprocessing = 0;
		};
/* End PBXFrameworksBuildPhase section */

/* Begin PBXGroup section */
		C50823102D70227F00ECE259 /* Application */ = {
			isa = PBXGroup;
			children = (
				C508230F2D70227F00ECE259 /* SwiftExplorerApp.swift */,
			);
			path = Application;
			sourceTree = "<group>";
		};
		C50823182D70227F00ECE259 /* Home */ = {
			isa = PBXGroup;
			children = (
				C5AA91DA2E19841A00777E54 /* HomeViewModel.swift */,
				C50823172D70227F00ECE259 /* HomeView.swift */,
			);
			path = Home;
			sourceTree = "<group>";
		};
		C50823192D70227F00ECE259 /* Features */ = {
			isa = PBXGroup;
			children = (
				C5ABF1172E1EEA8E00CE81E3 /* AboutWindow */,
				C50823182D70227F00ECE259 /* Home */,
			);
			path = Features;
			sourceTree = "<group>";
		};
		C508231B2D70227F00ECE259 /* Generated */ = {
			isa = PBXGroup;
			children = (
				C508231A2D70227F00ECE259 /* L10n.swift */,
			);
			path = Generated;
			sourceTree = "<group>";
		};
		C50823202D70227F00ECE259 /* Preview Content */ = {
			isa = PBXGroup;
			children = (
				C508231F2D70227F00ECE259 /* Preview Assets.xcassets */,
			);
			path = "Preview Content";
			sourceTree = "<group>";
		};
		C50823332D70230800ECE259 /* Localizable */ = {
			isa = PBXGroup;
			children = (
				C50823342D70231500ECE259 /* SwiftExplorer.strings */,
			);
			path = Localizable;
			sourceTree = "<group>";
		};
		C58379BF2C26A3440068D178 = {
			isa = PBXGroup;
			children = (
				C5C5DBD12D701C690015F7AC /* Dependencies */,
				C58379CA2C26A3440068D178 /* SwiftExplorer */,
				C58379DC2C26A3450068D178 /* SwiftExplorerTests */,
				C58379C92C26A3440068D178 /* Products */,
				C58379F92C26B43B0068D178 /* Frameworks */,
			);
			sourceTree = "<group>";
		};
		C58379C92C26A3440068D178 /* Products */ = {
			isa = PBXGroup;
			children = (
				C58379C82C26A3440068D178 /* SwiftExplorer.app */,
				C58379D92C26A3450068D178 /* SwiftExplorerTests.xctest */,
			);
			name = Products;
			sourceTree = "<group>";
		};
		C58379CA2C26A3440068D178 /* SwiftExplorer */ = {
			isa = PBXGroup;
			children = (
				C50823332D70230800ECE259 /* Localizable */,
				C50823102D70227F00ECE259 /* Application */,
				C50823112D70227F00ECE259 /* Assets.xcassets */,
				C50823192D70227F00ECE259 /* Features */,
				C508231B2D70227F00ECE259 /* Generated */,
				C508231C2D70227F00ECE259 /* GoogleService-Info.plist */,
				C50823202D70227F00ECE259 /* Preview Content */,
				C50823212D70227F00ECE259 /* SwiftExplorer.entitlements */,
			);
			path = SwiftExplorer;
			sourceTree = "<group>";
		};
		C58379DC2C26A3450068D178 /* SwiftExplorerTests */ = {
			isa = PBXGroup;
			children = (
				C5ABF11D2E1EF39900CE81E3 /* AboutViewTests.swift */,
				C5AA92122DD6F0B9004593B9 /* HomeViewTests.swift */,
				C5ABF12A2E1EF6B900CE81E3 /* __Snapshots__ */,
			);
			path = SwiftExplorerTests;
			sourceTree = "<group>";
		};
		C58379F92C26B43B0068D178 /* Frameworks */ = {
			isa = PBXGroup;
			children = (
			);
			name = Frameworks;
			sourceTree = "<group>";
		};
		C5ABF1172E1EEA8E00CE81E3 /* AboutWindow */ = {
			isa = PBXGroup;
			children = (
				C5ABF1182E1EEA9A00CE81E3 /* AboutView.swift */,
			);
			path = AboutWindow;
			sourceTree = "<group>";
		};
		C5ABF1272E1EF6B900CE81E3 /* AboutViewTests */ = {
			isa = PBXGroup;
			children = (
				C5ABF1262E1EF6B900CE81E3 /* testShouldValidateAboutViewLayout.1.png */,
			);
			path = AboutViewTests;
			sourceTree = "<group>";
		};
		C5ABF1292E1EF6B900CE81E3 /* HomeViewTests */ = {
			isa = PBXGroup;
			children = (
				C5ABF1282E1EF6B900CE81E3 /* testShouldValidateLayout.1.png */,
			);
			path = HomeViewTests;
			sourceTree = "<group>";
		};
		C5ABF12A2E1EF6B900CE81E3 /* __Snapshots__ */ = {
			isa = PBXGroup;
			children = (
				C5ABF1272E1EF6B900CE81E3 /* AboutViewTests */,
				C5ABF1292E1EF6B900CE81E3 /* HomeViewTests */,
			);
			path = __Snapshots__;
			sourceTree = "<group>";
		};
		C5C5DBD12D701C690015F7AC /* Dependencies */ = {
			isa = PBXGroup;
			children = (
				C5ABF1142E1EE90600CE81E3 /* Common */,
				C5C5DBCC2D701C690015F7AC /* Analytics */,
				C5C5DBCD2D701C690015F7AC /* CommonTest */,
				C5C5DBCF2D701C690015F7AC /* Lowlevel */,
				C5C5DBD02D701C690015F7AC /* Theme */,
			);
			path = Dependencies;
			sourceTree = "<group>";
		};
/* End PBXGroup section */

/* Begin PBXNativeTarget section */
		C58379C72C26A3440068D178 /* SwiftExplorer */ = {
			isa = PBXNativeTarget;
			buildConfigurationList = C58379ED2C26A3460068D178 /* Build configuration list for PBXNativeTarget "SwiftExplorer" */;
			buildPhases = (
				C58379C42C26A3440068D178 /* Sources */,
				C58379C52C26A3440068D178 /* Frameworks */,
				C58379C62C26A3440068D178 /* Resources */,
				C5AA91DD2E198A3900777E54 /* Crashlytics */,
			);
			buildRules = (
			);
			dependencies = (
				C552E13F2E20BD5700A4859E /* PBXTargetDependency */,
			);
			name = SwiftExplorer;
			packageProductDependencies = (
				C519A74E2C26ED6B00BF91E3 /* Theme */,
				C512A2A52C28D54F00175F0B /* Lowlevel */,
				C5C5DBD22D701CA20015F7AC /* Analytics */,
				C5ABF1152E1EEA3B00CE81E3 /* Common */,
			);
			productName = SwiftExplorer;
			productReference = C58379C82C26A3440068D178 /* SwiftExplorer.app */;
			productType = "com.apple.product-type.application";
		};
		C58379D82C26A3450068D178 /* SwiftExplorerTests */ = {
			isa = PBXNativeTarget;
			buildConfigurationList = C58379F02C26A3460068D178 /* Build configuration list for PBXNativeTarget "SwiftExplorerTests" */;
			buildPhases = (
				C58379D52C26A3450068D178 /* Sources */,
				C58379D62C26A3450068D178 /* Frameworks */,
				C58379D72C26A3450068D178 /* Resources */,
			);
			buildRules = (
			);
			dependencies = (
				C58379DB2C26A3450068D178 /* PBXTargetDependency */,
			);
			name = SwiftExplorerTests;
			packageProductDependencies = (
				C531BE6D2E1E21C9005F5829 /* CommonTest */,
			);
			productName = SwiftExplorerTests;
			productReference = C58379D92C26A3450068D178 /* SwiftExplorerTests.xctest */;
			productType = "com.apple.product-type.bundle.unit-test";
		};
/* End PBXNativeTarget section */

/* Begin PBXProject section */
		C58379C02C26A3440068D178 /* Project object */ = {
			isa = PBXProject;
			attributes = {
				BuildIndependentTargetsInParallel = 1;
				LastSwiftUpdateCheck = 1540;
				LastUpgradeCheck = 1540;
				TargetAttributes = {
					C58379C72C26A3440068D178 = {
						CreatedOnToolsVersion = 15.4;
					};
					C58379D82C26A3450068D178 = {
						CreatedOnToolsVersion = 15.4;
						TestTargetID = C58379C72C26A3440068D178;
					};
				};
			};
			buildConfigurationList = C58379C32C26A3440068D178 /* Build configuration list for PBXProject "SwiftExplorer" */;
			compatibilityVersion = "Xcode 14.0";
			developmentRegion = en;
			hasScannedForEncodings = 0;
			knownRegions = (
				en,
				Base,
			);
			mainGroup = C58379BF2C26A3440068D178;
			packageReferences = (
				C552E13D2E20BD3200A4859E /* XCRemoteSwiftPackageReference "SwiftLintPlugin" */,
			);
			productRefGroup = C58379C92C26A3440068D178 /* Products */;
			projectDirPath = "";
			projectRoot = "";
			targets = (
				C58379C72C26A3440068D178 /* SwiftExplorer */,
				C58379D82C26A3450068D178 /* SwiftExplorerTests */,
			);
		};
/* End PBXProject section */

/* Begin PBXResourcesBuildPhase section */
		C58379C62C26A3440068D178 /* Resources */ = {
			isa = PBXResourcesBuildPhase;
			buildActionMask = 2147483647;
			files = (
				C50823272D70227F00ECE259 /* Assets.xcassets in Resources */,
				C50823282D70227F00ECE259 /* Preview Assets.xcassets in Resources */,
				C50823292D70227F00ECE259 /* GoogleService-Info.plist in Resources */,
				C50823362D70231D00ECE259 /* SwiftExplorer.strings in Resources */,
			);
			runOnlyForDeploymentPostprocessing = 0;
		};
		C58379D72C26A3450068D178 /* Resources */ = {
			isa = PBXResourcesBuildPhase;
			buildActionMask = 2147483647;
			files = (
				C508232F2D70227F00ECE259 /* Assets.xcassets in Resources */,
				C5ABF12B2E1EF6B900CE81E3 /* testShouldValidateLayout.1.png in Resources */,
				C5ABF12C2E1EF6B900CE81E3 /* testShouldValidateAboutViewLayout.1.png in Resources */,
				C50823302D70227F00ECE259 /* Preview Assets.xcassets in Resources */,
				C50823312D70227F00ECE259 /* GoogleService-Info.plist in Resources */,
				C50823352D70231D00ECE259 /* SwiftExplorer.strings in Resources */,
			);
			runOnlyForDeploymentPostprocessing = 0;
		};
/* End PBXResourcesBuildPhase section */

/* Begin PBXShellScriptBuildPhase section */
		C5AA91DD2E198A3900777E54 /* Crashlytics */ = {
			isa = PBXShellScriptBuildPhase;
			buildActionMask = 2147483647;
			files = (
			);
			inputFileListPaths = (
			);
			inputPaths = (
				"${DWARF_DSYM_FOLDER_PATH}/${DWARF_DSYM_FILE_NAME}",
				"${DWARF_DSYM_FOLDER_PATH}/${DWARF_DSYM_FILE_NAME}/Contents/Resources/DWARF/${PRODUCT_NAME}",
				"${DWARF_DSYM_FOLDER_PATH}/${DWARF_DSYM_FILE_NAME}/Contents/Info.plist",
				"$(TARGET_BUILD_DIR)/$(UNLOCALIZED_RESOURCES_FOLDER_PATH)/GoogleService-Info.plist",
				"$(TARGET_BUILD_DIR)/$(EXECUTABLE_PATH)",
			);
			name = Crashlytics;
			outputFileListPaths = (
			);
			outputPaths = (
			);
			runOnlyForDeploymentPostprocessing = 0;
			shellPath = /bin/sh;
			shellScript = "
";
		};
/* End PBXShellScriptBuildPhase section */

/* Begin PBXSourcesBuildPhase section */
		C58379C42C26A3440068D178 /* Sources */ = {
			isa = PBXSourcesBuildPhase;
			buildActionMask = 2147483647;
			files = (
				C50823222D70227F00ECE259 /* L10n.swift in Sources */,
				C50823232D70227F00ECE259 /* SwiftExplorerApp.swift in Sources */,
				C50823262D70227F00ECE259 /* HomeView.swift in Sources */,
				C5AA91DC2E19841D00777E54 /* HomeViewModel.swift in Sources */,
				C5ABF1192E1EEA9D00CE81E3 /* AboutView.swift in Sources */,
			);
			runOnlyForDeploymentPostprocessing = 0;
		};
		C58379D52C26A3450068D178 /* Sources */ = {
			isa = PBXSourcesBuildPhase;
			buildActionMask = 2147483647;
			files = (
				C508232A2D70227F00ECE259 /* L10n.swift in Sources */,
				C508232B2D70227F00ECE259 /* SwiftExplorerApp.swift in Sources */,
				C508232E2D70227F00ECE259 /* HomeView.swift in Sources */,
				C5AA91DB2E19841D00777E54 /* HomeViewModel.swift in Sources */,
				C5ABF11E2E1EF39E00CE81E3 /* AboutViewTests.swift in Sources */,
				C5ABF11A2E1EEA9D00CE81E3 /* AboutView.swift in Sources */,
				C5AA92132DD6F0C8004593B9 /* HomeViewTests.swift in Sources */,
			);
			runOnlyForDeploymentPostprocessing = 0;
		};
/* End PBXSourcesBuildPhase section */

/* Begin PBXTargetDependency section */
		C552E13F2E20BD5700A4859E /* PBXTargetDependency */ = {
			isa = PBXTargetDependency;
			productRef = C552E13E2E20BD5700A4859E /* SwiftLint */;
		};
		C58379DB2C26A3450068D178 /* PBXTargetDependency */ = {
			isa = PBXTargetDependency;
			target = C58379C72C26A3440068D178 /* SwiftExplorer */;
			targetProxy = C58379DA2C26A3450068D178 /* PBXContainerItemProxy */;
		};
/* End PBXTargetDependency section */

/* Begin XCBuildConfiguration section */
		C58379EB2C26A3460068D178 /* Debug */ = {
			isa = XCBuildConfiguration;
			buildSettings = {
				ALWAYS_SEARCH_USER_PATHS = NO;
				ASSETCATALOG_COMPILER_GENERATE_SWIFT_ASSET_SYMBOL_EXTENSIONS = YES;
				CLANG_ANALYZER_NONNULL = YES;
				CLANG_ANALYZER_NUMBER_OBJECT_CONVERSION = YES_AGGRESSIVE;
				CLANG_CXX_LANGUAGE_STANDARD = "gnu++20";
				CLANG_ENABLE_MODULES = YES;
				CLANG_ENABLE_OBJC_ARC = YES;
				CLANG_ENABLE_OBJC_WEAK = YES;
				CLANG_WARN_BLOCK_CAPTURE_AUTORELEASING = YES;
				CLANG_WARN_BOOL_CONVERSION = YES;
				CLANG_WARN_COMMA = YES;
				CLANG_WARN_CONSTANT_CONVERSION = YES;
				CLANG_WARN_DEPRECATED_OBJC_IMPLEMENTATIONS = YES;
				CLANG_WARN_DIRECT_OBJC_ISA_USAGE = YES_ERROR;
				CLANG_WARN_DOCUMENTATION_COMMENTS = YES;
				CLANG_WARN_EMPTY_BODY = YES;
				CLANG_WARN_ENUM_CONVERSION = YES;
				CLANG_WARN_INFINITE_RECURSION = YES;
				CLANG_WARN_INT_CONVERSION = YES;
				CLANG_WARN_NON_LITERAL_NULL_CONVERSION = YES;
				CLANG_WARN_OBJC_IMPLICIT_RETAIN_SELF = YES;
				CLANG_WARN_OBJC_LITERAL_CONVERSION = YES;
				CLANG_WARN_OBJC_ROOT_CLASS = YES_ERROR;
				CLANG_WARN_QUOTED_INCLUDE_IN_FRAMEWORK_HEADER = YES;
				CLANG_WARN_RANGE_LOOP_ANALYSIS = YES;
				CLANG_WARN_STRICT_PROTOTYPES = YES;
				CLANG_WARN_SUSPICIOUS_MOVE = YES;
				CLANG_WARN_UNGUARDED_AVAILABILITY = YES_AGGRESSIVE;
				CLANG_WARN_UNREACHABLE_CODE = YES;
				CLANG_WARN__DUPLICATE_METHOD_MATCH = YES;
				COPY_PHASE_STRIP = NO;
				DEBUG_INFORMATION_FORMAT = dwarf;
				ENABLE_STRICT_OBJC_MSGSEND = YES;
				ENABLE_TESTABILITY = YES;
				ENABLE_USER_SCRIPT_SANDBOXING = YES;
				GCC_C_LANGUAGE_STANDARD = gnu17;
				GCC_DYNAMIC_NO_PIC = NO;
				GCC_NO_COMMON_BLOCKS = YES;
				GCC_OPTIMIZATION_LEVEL = 0;
				GCC_PREPROCESSOR_DEFINITIONS = (
					"DEBUG=1",
					"$(inherited)",
				);
				GCC_WARN_64_TO_32_BIT_CONVERSION = YES;
				GCC_WARN_ABOUT_RETURN_TYPE = YES_ERROR;
				GCC_WARN_UNDECLARED_SELECTOR = YES;
				GCC_WARN_UNINITIALIZED_AUTOS = YES_AGGRESSIVE;
				GCC_WARN_UNUSED_FUNCTION = YES;
				GCC_WARN_UNUSED_VARIABLE = YES;
				LOCALIZATION_PREFERS_STRING_CATALOGS = YES;
				MACOSX_DEPLOYMENT_TARGET = 14.5;
				MTL_ENABLE_DEBUG_INFO = INCLUDE_SOURCE;
				MTL_FAST_MATH = YES;
				ONLY_ACTIVE_ARCH = YES;
				SDKROOT = macosx;
				SWIFT_ACTIVE_COMPILATION_CONDITIONS = "DEBUG $(inherited)";
				SWIFT_OPTIMIZATION_LEVEL = "-Onone";
			};
			name = Debug;
		};
		C58379EC2C26A3460068D178 /* Release */ = {
			isa = XCBuildConfiguration;
			buildSettings = {
				ALWAYS_SEARCH_USER_PATHS = NO;
				ASSETCATALOG_COMPILER_GENERATE_SWIFT_ASSET_SYMBOL_EXTENSIONS = YES;
				CLANG_ANALYZER_NONNULL = YES;
				CLANG_ANALYZER_NUMBER_OBJECT_CONVERSION = YES_AGGRESSIVE;
				CLANG_CXX_LANGUAGE_STANDARD = "gnu++20";
				CLANG_ENABLE_MODULES = YES;
				CLANG_ENABLE_OBJC_ARC = YES;
				CLANG_ENABLE_OBJC_WEAK = YES;
				CLANG_WARN_BLOCK_CAPTURE_AUTORELEASING = YES;
				CLANG_WARN_BOOL_CONVERSION = YES;
				CLANG_WARN_COMMA = YES;
				CLANG_WARN_CONSTANT_CONVERSION = YES;
				CLANG_WARN_DEPRECATED_OBJC_IMPLEMENTATIONS = YES;
				CLANG_WARN_DIRECT_OBJC_ISA_USAGE = YES_ERROR;
				CLANG_WARN_DOCUMENTATION_COMMENTS = YES;
				CLANG_WARN_EMPTY_BODY = YES;
				CLANG_WARN_ENUM_CONVERSION = YES;
				CLANG_WARN_INFINITE_RECURSION = YES;
				CLANG_WARN_INT_CONVERSION = YES;
				CLANG_WARN_NON_LITERAL_NULL_CONVERSION = YES;
				CLANG_WARN_OBJC_IMPLICIT_RETAIN_SELF = YES;
				CLANG_WARN_OBJC_LITERAL_CONVERSION = YES;
				CLANG_WARN_OBJC_ROOT_CLASS = YES_ERROR;
				CLANG_WARN_QUOTED_INCLUDE_IN_FRAMEWORK_HEADER = YES;
				CLANG_WARN_RANGE_LOOP_ANALYSIS = YES;
				CLANG_WARN_STRICT_PROTOTYPES = YES;
				CLANG_WARN_SUSPICIOUS_MOVE = YES;
				CLANG_WARN_UNGUARDED_AVAILABILITY = YES_AGGRESSIVE;
				CLANG_WARN_UNREACHABLE_CODE = YES;
				CLANG_WARN__DUPLICATE_METHOD_MATCH = YES;
				COPY_PHASE_STRIP = NO;
				DEBUG_INFORMATION_FORMAT = "dwarf-with-dsym";
				ENABLE_NS_ASSERTIONS = NO;
				ENABLE_STRICT_OBJC_MSGSEND = YES;
				ENABLE_USER_SCRIPT_SANDBOXING = YES;
				GCC_C_LANGUAGE_STANDARD = gnu17;
				GCC_NO_COMMON_BLOCKS = YES;
				GCC_WARN_64_TO_32_BIT_CONVERSION = YES;
				GCC_WARN_ABOUT_RETURN_TYPE = YES_ERROR;
				GCC_WARN_UNDECLARED_SELECTOR = YES;
				GCC_WARN_UNINITIALIZED_AUTOS = YES_AGGRESSIVE;
				GCC_WARN_UNUSED_FUNCTION = YES;
				GCC_WARN_UNUSED_VARIABLE = YES;
				LOCALIZATION_PREFERS_STRING_CATALOGS = YES;
				MACOSX_DEPLOYMENT_TARGET = 14.5;
				MTL_ENABLE_DEBUG_INFO = NO;
				MTL_FAST_MATH = YES;
				SDKROOT = macosx;
				SWIFT_COMPILATION_MODE = wholemodule;
			};
			name = Release;
		};
		C58379EE2C26A3460068D178 /* Debug */ = {
			isa = XCBuildConfiguration;
			buildSettings = {
				ASSETCATALOG_COMPILER_APPICON_NAME = AppIcon;
				ASSETCATALOG_COMPILER_GLOBAL_ACCENT_COLOR_NAME = AccentColor;
				CODE_SIGN_ENTITLEMENTS = SwiftExplorer/SwiftExplorer.entitlements;
				CODE_SIGN_STYLE = Automatic;
				COMBINE_HIDPI_IMAGES = YES;
				CURRENT_PROJECT_VERSION = 1;
				DEVELOPMENT_ASSET_PATHS = "\"SwiftExplorer/Preview Content\"";
				ENABLE_PREVIEWS = YES;
				ENABLE_USER_SCRIPT_SANDBOXING = NO;
				GENERATE_INFOPLIST_FILE = YES;
				INFOPLIST_KEY_CFBundleDisplayName = "Swift Explorer";
				INFOPLIST_KEY_LSApplicationCategoryType = "public.app-category.developer-tools";
				INFOPLIST_KEY_NSHumanReadableCopyright = "";
				INFOPLIST_KEY_UIUserInterfaceStyle = Light;
				LD_RUNPATH_SEARCH_PATHS = (
					"$(inherited)",
					"@executable_path/../Frameworks",
				);
				MACOSX_DEPLOYMENT_TARGET = 14.0;
				MARKETING_VERSION = 2.0.0;
				PRODUCT_BUNDLE_IDENTIFIER = com.joaolfp.SwiftExplorer;
				PRODUCT_NAME = "$(TARGET_NAME)";
				SWIFT_EMIT_LOC_STRINGS = YES;
				SWIFT_VERSION = 5.0;
			};
			name = Debug;
		};
		C58379EF2C26A3460068D178 /* Release */ = {
			isa = XCBuildConfiguration;
			buildSettings = {
				ASSETCATALOG_COMPILER_APPICON_NAME = AppIcon;
				ASSETCATALOG_COMPILER_GLOBAL_ACCENT_COLOR_NAME = AccentColor;
				CODE_SIGN_ENTITLEMENTS = SwiftExplorer/SwiftExplorer.entitlements;
				CODE_SIGN_STYLE = Automatic;
				COMBINE_HIDPI_IMAGES = YES;
				CURRENT_PROJECT_VERSION = 1;
				DEVELOPMENT_ASSET_PATHS = "\"SwiftExplorer/Preview Content\"";
				ENABLE_PREVIEWS = YES;
				ENABLE_USER_SCRIPT_SANDBOXING = NO;
				GENERATE_INFOPLIST_FILE = YES;
				INFOPLIST_KEY_CFBundleDisplayName = "Swift Explorer";
				INFOPLIST_KEY_LSApplicationCategoryType = "public.app-category.developer-tools";
				INFOPLIST_KEY_NSHumanReadableCopyright = "";
				INFOPLIST_KEY_UIUserInterfaceStyle = Light;
				LD_RUNPATH_SEARCH_PATHS = (
					"$(inherited)",
					"@executable_path/../Frameworks",
				);
				MACOSX_DEPLOYMENT_TARGET = 14.0;
				MARKETING_VERSION = 2.0.0;
				PRODUCT_BUNDLE_IDENTIFIER = com.joaolfp.SwiftExplorer;
				PRODUCT_NAME = "$(TARGET_NAME)";
				SWIFT_EMIT_LOC_STRINGS = YES;
				SWIFT_VERSION = 5.0;
			};
			name = Release;
		};
		C58379F12C26A3460068D178 /* Debug */ = {
			isa = XCBuildConfiguration;
			buildSettings = {
				BUNDLE_LOADER = "$(TEST_HOST)";
				CODE_SIGN_STYLE = Automatic;
				CURRENT_PROJECT_VERSION = 1;
				GENERATE_INFOPLIST_FILE = YES;
				INFOPLIST_KEY_UIUserInterfaceStyle = Dark;
				MACOSX_DEPLOYMENT_TARGET = 14.5;
				MARKETING_VERSION = 1.0;
				PRODUCT_BUNDLE_IDENTIFIER = com.joaolfp.SwiftExplorerTests;
				PRODUCT_NAME = "$(TARGET_NAME)";
				SWIFT_EMIT_LOC_STRINGS = NO;
				SWIFT_VERSION = 5.0;
				TEST_HOST = "$(BUILT_PRODUCTS_DIR)/SwiftExplorer.app/$(BUNDLE_EXECUTABLE_FOLDER_PATH)/SwiftExplorer";
			};
			name = Debug;
		};
		C58379F22C26A3460068D178 /* Release */ = {
			isa = XCBuildConfiguration;
			buildSettings = {
				BUNDLE_LOADER = "$(TEST_HOST)";
				CODE_SIGN_STYLE = Automatic;
				CURRENT_PROJECT_VERSION = 1;
				GENERATE_INFOPLIST_FILE = YES;
				INFOPLIST_KEY_UIUserInterfaceStyle = Dark;
				MACOSX_DEPLOYMENT_TARGET = 14.5;
				MARKETING_VERSION = 1.0;
				PRODUCT_BUNDLE_IDENTIFIER = com.joaolfp.SwiftExplorerTests;
				PRODUCT_NAME = "$(TARGET_NAME)";
				SWIFT_EMIT_LOC_STRINGS = NO;
				SWIFT_VERSION = 5.0;
				TEST_HOST = "$(BUILT_PRODUCTS_DIR)/SwiftExplorer.app/$(BUNDLE_EXECUTABLE_FOLDER_PATH)/SwiftExplorer";
			};
			name = Release;
		};
/* End XCBuildConfiguration section */

/* Begin XCConfigurationList section */
		C58379C32C26A3440068D178 /* Build configuration list for PBXProject "SwiftExplorer" */ = {
			isa = XCConfigurationList;
			buildConfigurations = (
				C58379EB2C26A3460068D178 /* Debug */,
				C58379EC2C26A3460068D178 /* Release */,
			);
			defaultConfigurationIsVisible = 0;
			defaultConfigurationName = Release;
		};
		C58379ED2C26A3460068D178 /* Build configuration list for PBXNativeTarget "SwiftExplorer" */ = {
			isa = XCConfigurationList;
			buildConfigurations = (
				C58379EE2C26A3460068D178 /* Debug */,
				C58379EF2C26A3460068D178 /* Release */,
			);
			defaultConfigurationIsVisible = 0;
			defaultConfigurationName = Release;
		};
		C58379F02C26A3460068D178 /* Build configuration list for PBXNativeTarget "SwiftExplorerTests" */ = {
			isa = XCConfigurationList;
			buildConfigurations = (
				C58379F12C26A3460068D178 /* Debug */,
				C58379F22C26A3460068D178 /* Release */,
			);
			defaultConfigurationIsVisible = 0;
			defaultConfigurationName = Release;
		};
/* End XCConfigurationList section */

/* Begin XCRemoteSwiftPackageReference section */
		C552E13D2E20BD3200A4859E /* XCRemoteSwiftPackageReference "SwiftLintPlugin" */ = {
			isa = XCRemoteSwiftPackageReference;
			repositoryURL = "https://github.com/lukepistrol/SwiftLintPlugin";
			requirement = {
				kind = exactVersion;
				version = 0.63.1;
			};
		};
/* End XCRemoteSwiftPackageReference section */

/* Begin XCSwiftPackageProductDependency section */
		C512A2A52C28D54F00175F0B /* Lowlevel */ = {
			isa = XCSwiftPackageProductDependency;
			productName = Lowlevel;
		};
		C519A74E2C26ED6B00BF91E3 /* Theme */ = {
			isa = XCSwiftPackageProductDependency;
			productName = Theme;
		};
		C531BE6D2E1E21C9005F5829 /* CommonTest */ = {
			isa = XCSwiftPackageProductDependency;
			productName = CommonTest;
		};
		C552E13E2E20BD5700A4859E /* SwiftLint */ = {
			isa = XCSwiftPackageProductDependency;
			package = C552E13D2E20BD3200A4859E /* XCRemoteSwiftPackageReference "SwiftLintPlugin" */;
			productName = "plugin:SwiftLint";
		};
		C5ABF1152E1EEA3B00CE81E3 /* Common */ = {
			isa = XCSwiftPackageProductDependency;
			productName = Common;
		};
		C5C5DBD22D701CA20015F7AC /* Analytics */ = {
			isa = XCSwiftPackageProductDependency;
			productName = Analytics;
		};
/* End XCSwiftPackageProductDependency section */
	};
	rootObject = C58379C02C26A3440068D178 /* Project object */;
}
