// !$*UTF8*$!
{
	archiveVersion = 1;
	classes = {
	};
	objectVersion = 56;
	objects = {

/* Begin PBXBuildFile section */
		C519A74C2C26E10600BF91E3 /* Bytecode in Frameworks */ = {isa = PBXBuildFile; productRef = C519A74B2C26E10600BF91E3 /* Bytecode */; };
		C58379CC2C26A3440068D178 /* SwiftExplorerApp.swift in Sources */ = {isa = PBXBuildFile; fileRef = C58379CB2C26A3440068D178 /* SwiftExplorerApp.swift */; };
		C58379CE2C26A3440068D178 /* ContentView.swift in Sources */ = {isa = PBXBuildFile; fileRef = C58379CD2C26A3440068D178 /* ContentView.swift */; };
		C58379D02C26A3450068D178 /* Assets.xcassets in Resources */ = {isa = PBXBuildFile; fileRef = C58379CF2C26A3450068D178 /* Assets.xcassets */; };
		C58379D32C26A3450068D178 /* Preview Assets.xcassets in Resources */ = {isa = PBXBuildFile; fileRef = C58379D22C26A3450068D178 /* Preview Assets.xcassets */; };
		C58379DE2C26A3450068D178 /* SwiftExplorerTests.swift in Sources */ = {isa = PBXBuildFile; fileRef = C58379DD2C26A3450068D178 /* SwiftExplorerTests.swift */; };
		C58379F72C26A8640068D178 /* generate_bytecode.sh in Resources */ = {isa = PBXBuildFile; fileRef = C58379F62C26A8640068D178 /* generate_bytecode.sh */; };
		C58379FB2C26B43B0068D178 /* CodeEditor in Frameworks */ = {isa = PBXBuildFile; productRef = C58379FA2C26B43B0068D178 /* CodeEditor */; };
/* End PBXBuildFile section */

/* Begin PBXContainerItemProxy section */
		C58379DA2C26A3450068D178 /* PBXContainerItemProxy */ = {
			isa = PBXContainerItemProxy;
			containerPortal = C58379C02C26A3440068D178 /* Project object */;
			proxyType = 1;
			remoteGlobalIDString = C58379C72C26A3440068D178;
			remoteInfo = SwiftExplorer;
		};
/* End PBXContainerItemProxy section */

/* Begin PBXFileReference section */
		C519A74A2C26E0C900BF91E3 /* Bytecode */ = {isa = PBXFileReference; lastKnownFileType = wrapper; path = Bytecode; sourceTree = "<group>"; };
		C58379C82C26A3440068D178 /* SwiftExplorer.app */ = {isa = PBXFileReference; explicitFileType = wrapper.application; includeInIndex = 0; path = SwiftExplorer.app; sourceTree = BUILT_PRODUCTS_DIR; };
		C58379CB2C26A3440068D178 /* SwiftExplorerApp.swift */ = {isa = PBXFileReference; lastKnownFileType = sourcecode.swift; path = SwiftExplorerApp.swift; sourceTree = "<group>"; };
		C58379CD2C26A3440068D178 /* ContentView.swift */ = {isa = PBXFileReference; lastKnownFileType = sourcecode.swift; path = ContentView.swift; sourceTree = "<group>"; };
		C58379CF2C26A3450068D178 /* Assets.xcassets */ = {isa = PBXFileReference; lastKnownFileType = folder.assetcatalog; path = Assets.xcassets; sourceTree = "<group>"; };
		C58379D22C26A3450068D178 /* Preview Assets.xcassets */ = {isa = PBXFileReference; lastKnownFileType = folder.assetcatalog; path = "Preview Assets.xcassets"; sourceTree = "<group>"; };
		C58379D42C26A3450068D178 /* SwiftExplorer.entitlements */ = {isa = PBXFileReference; lastKnownFileType = text.plist.entitlements; path = SwiftExplorer.entitlements; sourceTree = "<group>"; };
		C58379D92C26A3450068D178 /* SwiftExplorerTests.xctest */ = {isa = PBXFileReference; explicitFileType = wrapper.cfbundle; includeInIndex = 0; path = SwiftExplorerTests.xctest; sourceTree = BUILT_PRODUCTS_DIR; };
		C58379DD2C26A3450068D178 /* SwiftExplorerTests.swift */ = {isa = PBXFileReference; lastKnownFileType = sourcecode.swift; path = SwiftExplorerTests.swift; sourceTree = "<group>"; };
		C58379F62C26A8640068D178 /* generate_bytecode.sh */ = {isa = PBXFileReference; lastKnownFileType = text.script.sh; path = generate_bytecode.sh; sourceTree = "<group>"; };
/* End PBXFileReference section */

/* Begin PBXFrameworksBuildPhase section */
		C58379C52C26A3440068D178 /* Frameworks */ = {
			isa = PBXFrameworksBuildPhase;
			buildActionMask = 2147483647;
			files = (
				C58379FB2C26B43B0068D178 /* CodeEditor in Frameworks */,
				C519A74C2C26E10600BF91E3 /* Bytecode in Frameworks */,
			);
			runOnlyForDeploymentPostprocessing = 0;
		};
		C58379D62C26A3450068D178 /* Frameworks */ = {
			isa = PBXFrameworksBuildPhase;
			buildActionMask = 2147483647;
			files = (
			);
			runOnlyForDeploymentPostprocessing = 0;
		};
/* End PBXFrameworksBuildPhase section */

/* Begin PBXGroup section */
		C519A7472C26E01A00BF91E3 /* Application */ = {
			isa = PBXGroup;
			children = (
				C58379CB2C26A3440068D178 /* SwiftExplorerApp.swift */,
			);
			path = Application;
			sourceTree = "<group>";
		};
		C519A7482C26E02200BF91E3 /* Features */ = {
			isa = PBXGroup;
			children = (
				C519A7492C26E02C00BF91E3 /* Home */,
			);
			path = Features;
			sourceTree = "<group>";
		};
		C519A7492C26E02C00BF91E3 /* Home */ = {
			isa = PBXGroup;
			children = (
				C58379CD2C26A3440068D178 /* ContentView.swift */,
			);
			path = Home;
			sourceTree = "<group>";
		};
		C58379BF2C26A3440068D178 = {
			isa = PBXGroup;
			children = (
				C519A74A2C26E0C900BF91E3 /* Bytecode */,
				C58379CA2C26A3440068D178 /* SwiftExplorer */,
				C58379DC2C26A3450068D178 /* SwiftExplorerTests */,
				C58379C92C26A3440068D178 /* Products */,
				C58379F92C26B43B0068D178 /* Frameworks */,
			);
			sourceTree = "<group>";
		};
		C58379C92C26A3440068D178 /* Products */ = {
			isa = PBXGroup;
			children = (
				C58379C82C26A3440068D178 /* SwiftExplorer.app */,
				C58379D92C26A3450068D178 /* SwiftExplorerTests.xctest */,
			);
			name = Products;
			sourceTree = "<group>";
		};
		C58379CA2C26A3440068D178 /* SwiftExplorer */ = {
			isa = PBXGroup;
			children = (
				C519A7482C26E02200BF91E3 /* Features */,
				C519A7472C26E01A00BF91E3 /* Application */,
				C58379CF2C26A3450068D178 /* Assets.xcassets */,
				C58379D42C26A3450068D178 /* SwiftExplorer.entitlements */,
				C58379D12C26A3450068D178 /* Preview Content */,
				C58379F62C26A8640068D178 /* generate_bytecode.sh */,
			);
			path = SwiftExplorer;
			sourceTree = "<group>";
		};
		C58379D12C26A3450068D178 /* Preview Content */ = {
			isa = PBXGroup;
			children = (
				C58379D22C26A3450068D178 /* Preview Assets.xcassets */,
			);
			path = "Preview Content";
			sourceTree = "<group>";
		};
		C58379DC2C26A3450068D178 /* SwiftExplorerTests */ = {
			isa = PBXGroup;
			children = (
				C58379DD2C26A3450068D178 /* SwiftExplorerTests.swift */,
			);
			path = SwiftExplorerTests;
			sourceTree = "<group>";
		};
		C58379F92C26B43B0068D178 /* Frameworks */ = {
			isa = PBXGroup;
			children = (
			);
			name = Frameworks;
			sourceTree = "<group>";
		};
/* End PBXGroup section */

/* Begin PBXNativeTarget section */
		C58379C72C26A3440068D178 /* SwiftExplorer */ = {
			isa = PBXNativeTarget;
			buildConfigurationList = C58379ED2C26A3460068D178 /* Build configuration list for PBXNativeTarget "SwiftExplorer" */;
			buildPhases = (
				C58379C42C26A3440068D178 /* Sources */,
				C58379C52C26A3440068D178 /* Frameworks */,
				C58379C62C26A3440068D178 /* Resources */,
			);
			buildRules = (
			);
			dependencies = (
			);
			name = SwiftExplorer;
			packageProductDependencies = (
				C58379FA2C26B43B0068D178 /* CodeEditor */,
				C519A74B2C26E10600BF91E3 /* Bytecode */,
			);
			productName = SwiftExplorer;
			productReference = C58379C82C26A3440068D178 /* SwiftExplorer.app */;
			productType = "com.apple.product-type.application";
		};
		C58379D82C26A3450068D178 /* SwiftExplorerTests */ = {
			isa = PBXNativeTarget;
			buildConfigurationList = C58379F02C26A3460068D178 /* Build configuration list for PBXNativeTarget "SwiftExplorerTests" */;
			buildPhases = (
				C58379D52C26A3450068D178 /* Sources */,
				C58379D62C26A3450068D178 /* Frameworks */,
				C58379D72C26A3450068D178 /* Resources */,
			);
			buildRules = (
			);
			dependencies = (
				C58379DB2C26A3450068D178 /* PBXTargetDependency */,
			);
			name = SwiftExplorerTests;
			productName = SwiftExplorerTests;
			productReference = C58379D92C26A3450068D178 /* SwiftExplorerTests.xctest */;
			productType = "com.apple.product-type.bundle.unit-test";
		};
/* End PBXNativeTarget section */

/* Begin PBXProject section */
		C58379C02C26A3440068D178 /* Project object */ = {
			isa = PBXProject;
			attributes = {
				BuildIndependentTargetsInParallel = 1;
				LastSwiftUpdateCheck = 1540;
				LastUpgradeCheck = 1540;
				TargetAttributes = {
					C58379C72C26A3440068D178 = {
						CreatedOnToolsVersion = 15.4;
					};
					C58379D82C26A3450068D178 = {
						CreatedOnToolsVersion = 15.4;
						TestTargetID = C58379C72C26A3440068D178;
					};
				};
			};
			buildConfigurationList = C58379C32C26A3440068D178 /* Build configuration list for PBXProject "SwiftExplorer" */;
			compatibilityVersion = "Xcode 14.0";
			developmentRegion = en;
			hasScannedForEncodings = 0;
			knownRegions = (
				en,
				Base,
			);
			mainGroup = C58379BF2C26A3440068D178;
			packageReferences = (
				C58379F82C26B4110068D178 /* XCRemoteSwiftPackageReference "CodeEditor" */,
			);
			productRefGroup = C58379C92C26A3440068D178 /* Products */;
			projectDirPath = "";
			projectRoot = "";
			targets = (
				C58379C72C26A3440068D178 /* SwiftExplorer */,
				C58379D82C26A3450068D178 /* SwiftExplorerTests */,
			);
		};
/* End PBXProject section */

/* Begin PBXResourcesBuildPhase section */
		C58379C62C26A3440068D178 /* Resources */ = {
			isa = PBXResourcesBuildPhase;
			buildActionMask = 2147483647;
			files = (
				C58379D32C26A3450068D178 /* Preview Assets.xcassets in Resources */,
				C58379F72C26A8640068D178 /* generate_bytecode.sh in Resources */,
				C58379D02C26A3450068D178 /* Assets.xcassets in Resources */,
			);
			runOnlyForDeploymentPostprocessing = 0;
		};
		C58379D72C26A3450068D178 /* Resources */ = {
			isa = PBXResourcesBuildPhase;
			buildActionMask = 2147483647;
			files = (
			);
			runOnlyForDeploymentPostprocessing = 0;
		};
/* End PBXResourcesBuildPhase section */

/* Begin PBXSourcesBuildPhase section */
		C58379C42C26A3440068D178 /* Sources */ = {
			isa = PBXSourcesBuildPhase;
			buildActionMask = 2147483647;
			files = (
				C58379CE2C26A3440068D178 /* ContentView.swift in Sources */,
				C58379CC2C26A3440068D178 /* SwiftExplorerApp.swift in Sources */,
			);
			runOnlyForDeploymentPostprocessing = 0;
		};
		C58379D52C26A3450068D178 /* Sources */ = {
			isa = PBXSourcesBuildPhase;
			buildActionMask = 2147483647;
			files = (
				C58379DE2C26A3450068D178 /* SwiftExplorerTests.swift in Sources */,
			);
			runOnlyForDeploymentPostprocessing = 0;
		};
/* End PBXSourcesBuildPhase section */

/* Begin PBXTargetDependency section */
		C58379DB2C26A3450068D178 /* PBXTargetDependency */ = {
			isa = PBXTargetDependency;
			target = C58379C72C26A3440068D178 /* SwiftExplorer */;
			targetProxy = C58379DA2C26A3450068D178 /* PBXContainerItemProxy */;
		};
/* End PBXTargetDependency section */

/* Begin XCBuildConfiguration section */
		C58379EB2C26A3460068D178 /* Debug */ = {
			isa = XCBuildConfiguration;
			buildSettings = {
				ALWAYS_SEARCH_USER_PATHS = NO;
				ASSETCATALOG_COMPILER_GENERATE_SWIFT_ASSET_SYMBOL_EXTENSIONS = YES;
				CLANG_ANALYZER_NONNULL = YES;
				CLANG_ANALYZER_NUMBER_OBJECT_CONVERSION = YES_AGGRESSIVE;
				CLANG_CXX_LANGUAGE_STANDARD = "gnu++20";
				CLANG_ENABLE_MODULES = YES;
				CLANG_ENABLE_OBJC_ARC = YES;
				CLANG_ENABLE_OBJC_WEAK = YES;
				CLANG_WARN_BLOCK_CAPTURE_AUTORELEASING = YES;
				CLANG_WARN_BOOL_CONVERSION = YES;
				CLANG_WARN_COMMA = YES;
				CLANG_WARN_CONSTANT_CONVERSION = YES;
				CLANG_WARN_DEPRECATED_OBJC_IMPLEMENTATIONS = YES;
				CLANG_WARN_DIRECT_OBJC_ISA_USAGE = YES_ERROR;
				CLANG_WARN_DOCUMENTATION_COMMENTS = YES;
				CLANG_WARN_EMPTY_BODY = YES;
				CLANG_WARN_ENUM_CONVERSION = YES;
				CLANG_WARN_INFINITE_RECURSION = YES;
				CLANG_WARN_INT_CONVERSION = YES;
				CLANG_WARN_NON_LITERAL_NULL_CONVERSION = YES;
				CLANG_WARN_OBJC_IMPLICIT_RETAIN_SELF = YES;
				CLANG_WARN_OBJC_LITERAL_CONVERSION = YES;
				CLANG_WARN_OBJC_ROOT_CLASS = YES_ERROR;
				CLANG_WARN_QUOTED_INCLUDE_IN_FRAMEWORK_HEADER = YES;
				CLANG_WARN_RANGE_LOOP_ANALYSIS = YES;
				CLANG_WARN_STRICT_PROTOTYPES = YES;
				CLANG_WARN_SUSPICIOUS_MOVE = YES;
				CLANG_WARN_UNGUARDED_AVAILABILITY = YES_AGGRESSIVE;
				CLANG_WARN_UNREACHABLE_CODE = YES;
				CLANG_WARN__DUPLICATE_METHOD_MATCH = YES;
				COPY_PHASE_STRIP = NO;
				DEBUG_INFORMATION_FORMAT = dwarf;
				ENABLE_STRICT_OBJC_MSGSEND = YES;
				ENABLE_TESTABILITY = YES;
				ENABLE_USER_SCRIPT_SANDBOXING = YES;
				GCC_C_LANGUAGE_STANDARD = gnu17;
				GCC_DYNAMIC_NO_PIC = NO;
				GCC_NO_COMMON_BLOCKS = YES;
				GCC_OPTIMIZATION_LEVEL = 0;
				GCC_PREPROCESSOR_DEFINITIONS = (
					"DEBUG=1",
					"$(inherited)",
				);
				GCC_WARN_64_TO_32_BIT_CONVERSION = YES;
				GCC_WARN_ABOUT_RETURN_TYPE = YES_ERROR;
				GCC_WARN_UNDECLARED_SELECTOR = YES;
				GCC_WARN_UNINITIALIZED_AUTOS = YES_AGGRESSIVE;
				GCC_WARN_UNUSED_FUNCTION = YES;
				GCC_WARN_UNUSED_VARIABLE = YES;
				LOCALIZATION_PREFERS_STRING_CATALOGS = YES;
				MACOSX_DEPLOYMENT_TARGET = 14.5;
				MTL_ENABLE_DEBUG_INFO = INCLUDE_SOURCE;
				MTL_FAST_MATH = YES;
				ONLY_ACTIVE_ARCH = YES;
				SDKROOT = macosx;
				SWIFT_ACTIVE_COMPILATION_CONDITIONS = "DEBUG $(inherited)";
				SWIFT_OPTIMIZATION_LEVEL = "-Onone";
			};
			name = Debug;
		};
		C58379EC2C26A3460068D178 /* Release */ = {
			isa = XCBuildConfiguration;
			buildSettings = {
				ALWAYS_SEARCH_USER_PATHS = NO;
				ASSETCATALOG_COMPILER_GENERATE_SWIFT_ASSET_SYMBOL_EXTENSIONS = YES;
				CLANG_ANALYZER_NONNULL = YES;
				CLANG_ANALYZER_NUMBER_OBJECT_CONVERSION = YES_AGGRESSIVE;
				CLANG_CXX_LANGUAGE_STANDARD = "gnu++20";
				CLANG_ENABLE_MODULES = YES;
				CLANG_ENABLE_OBJC_ARC = YES;
				CLANG_ENABLE_OBJC_WEAK = YES;
				CLANG_WARN_BLOCK_CAPTURE_AUTORELEASING = YES;
				CLANG_WARN_BOOL_CONVERSION = YES;
				CLANG_WARN_COMMA = YES;
				CLANG_WARN_CONSTANT_CONVERSION = YES;
				CLANG_WARN_DEPRECATED_OBJC_IMPLEMENTATIONS = YES;
				CLANG_WARN_DIRECT_OBJC_ISA_USAGE = YES_ERROR;
				CLANG_WARN_DOCUMENTATION_COMMENTS = YES;
				CLANG_WARN_EMPTY_BODY = YES;
				CLANG_WARN_ENUM_CONVERSION = YES;
				CLANG_WARN_INFINITE_RECURSION = YES;
				CLANG_WARN_INT_CONVERSION = YES;
				CLANG_WARN_NON_LITERAL_NULL_CONVERSION = YES;
				CLANG_WARN_OBJC_IMPLICIT_RETAIN_SELF = YES;
				CLANG_WARN_OBJC_LITERAL_CONVERSION = YES;
				CLANG_WARN_OBJC_ROOT_CLASS = YES_ERROR;
				CLANG_WARN_QUOTED_INCLUDE_IN_FRAMEWORK_HEADER = YES;
				CLANG_WARN_RANGE_LOOP_ANALYSIS = YES;
				CLANG_WARN_STRICT_PROTOTYPES = YES;
				CLANG_WARN_SUSPICIOUS_MOVE = YES;
				CLANG_WARN_UNGUARDED_AVAILABILITY = YES_AGGRESSIVE;
				CLANG_WARN_UNREACHABLE_CODE = YES;
				CLANG_WARN__DUPLICATE_METHOD_MATCH = YES;
				COPY_PHASE_STRIP = NO;
				DEBUG_INFORMATION_FORMAT = "dwarf-with-dsym";
				ENABLE_NS_ASSERTIONS = NO;
				ENABLE_STRICT_OBJC_MSGSEND = YES;
				ENABLE_USER_SCRIPT_SANDBOXING = YES;
				GCC_C_LANGUAGE_STANDARD = gnu17;
				GCC_NO_COMMON_BLOCKS = YES;
				GCC_WARN_64_TO_32_BIT_CONVERSION = YES;
				GCC_WARN_ABOUT_RETURN_TYPE = YES_ERROR;
				GCC_WARN_UNDECLARED_SELECTOR = YES;
				GCC_WARN_UNINITIALIZED_AUTOS = YES_AGGRESSIVE;
				GCC_WARN_UNUSED_FUNCTION = YES;
				GCC_WARN_UNUSED_VARIABLE = YES;
				LOCALIZATION_PREFERS_STRING_CATALOGS = YES;
				MACOSX_DEPLOYMENT_TARGET = 14.5;
				MTL_ENABLE_DEBUG_INFO = NO;
				MTL_FAST_MATH = YES;
				SDKROOT = macosx;
				SWIFT_COMPILATION_MODE = wholemodule;
			};
			name = Release;
		};
		C58379EE2C26A3460068D178 /* Debug */ = {
			isa = XCBuildConfiguration;
			buildSettings = {
				ASSETCATALOG_COMPILER_APPICON_NAME = AppIcon;
				ASSETCATALOG_COMPILER_GLOBAL_ACCENT_COLOR_NAME = AccentColor;
				CODE_SIGN_ENTITLEMENTS = SwiftExplorer/SwiftExplorer.entitlements;
				CODE_SIGN_STYLE = Automatic;
				COMBINE_HIDPI_IMAGES = YES;
				CURRENT_PROJECT_VERSION = 1;
				DEVELOPMENT_ASSET_PATHS = "\"SwiftExplorer/Preview Content\"";
				ENABLE_PREVIEWS = YES;
				GENERATE_INFOPLIST_FILE = YES;
				INFOPLIST_KEY_NSHumanReadableCopyright = "";
				LD_RUNPATH_SEARCH_PATHS = (
					"$(inherited)",
					"@executable_path/../Frameworks",
				);
				MACOSX_DEPLOYMENT_TARGET = 14.0;
				MARKETING_VERSION = 1.0;
				PRODUCT_BUNDLE_IDENTIFIER = com.joaolfp.SwiftExplorer;
				PRODUCT_NAME = "$(TARGET_NAME)";
				SWIFT_EMIT_LOC_STRINGS = YES;
				SWIFT_VERSION = 5.0;
			};
			name = Debug;
		};
		C58379EF2C26A3460068D178 /* Release */ = {
			isa = XCBuildConfiguration;
			buildSettings = {
				ASSETCATALOG_COMPILER_APPICON_NAME = AppIcon;
				ASSETCATALOG_COMPILER_GLOBAL_ACCENT_COLOR_NAME = AccentColor;
				CODE_SIGN_ENTITLEMENTS = SwiftExplorer/SwiftExplorer.entitlements;
				CODE_SIGN_STYLE = Automatic;
				COMBINE_HIDPI_IMAGES = YES;
				CURRENT_PROJECT_VERSION = 1;
				DEVELOPMENT_ASSET_PATHS = "\"SwiftExplorer/Preview Content\"";
				ENABLE_PREVIEWS = YES;
				GENERATE_INFOPLIST_FILE = YES;
				INFOPLIST_KEY_NSHumanReadableCopyright = "";
				LD_RUNPATH_SEARCH_PATHS = (
					"$(inherited)",
					"@executable_path/../Frameworks",
				);
				MACOSX_DEPLOYMENT_TARGET = 14.0;
				MARKETING_VERSION = 1.0;
				PRODUCT_BUNDLE_IDENTIFIER = com.joaolfp.SwiftExplorer;
				PRODUCT_NAME = "$(TARGET_NAME)";
				SWIFT_EMIT_LOC_STRINGS = YES;
				SWIFT_VERSION = 5.0;
			};
			name = Release;
		};
		C58379F12C26A3460068D178 /* Debug */ = {
			isa = XCBuildConfiguration;
			buildSettings = {
				ALWAYS_EMBED_SWIFT_STANDARD_LIBRARIES = YES;
				BUNDLE_LOADER = "$(TEST_HOST)";
				CODE_SIGN_STYLE = Automatic;
				CURRENT_PROJECT_VERSION = 1;
				GENERATE_INFOPLIST_FILE = YES;
				MACOSX_DEPLOYMENT_TARGET = 14.5;
				MARKETING_VERSION = 1.0;
				PRODUCT_BUNDLE_IDENTIFIER = com.joaolfp.SwiftExplorerTests;
				PRODUCT_NAME = "$(TARGET_NAME)";
				SWIFT_EMIT_LOC_STRINGS = NO;
				SWIFT_VERSION = 5.0;
				TEST_HOST = "$(BUILT_PRODUCTS_DIR)/SwiftExplorer.app/$(BUNDLE_EXECUTABLE_FOLDER_PATH)/SwiftExplorer";
			};
			name = Debug;
		};
		C58379F22C26A3460068D178 /* Release */ = {
			isa = XCBuildConfiguration;
			buildSettings = {
				ALWAYS_EMBED_SWIFT_STANDARD_LIBRARIES = YES;
				BUNDLE_LOADER = "$(TEST_HOST)";
				CODE_SIGN_STYLE = Automatic;
				CURRENT_PROJECT_VERSION = 1;
				GENERATE_INFOPLIST_FILE = YES;
				MACOSX_DEPLOYMENT_TARGET = 14.5;
				MARKETING_VERSION = 1.0;
				PRODUCT_BUNDLE_IDENTIFIER = com.joaolfp.SwiftExplorerTests;
				PRODUCT_NAME = "$(TARGET_NAME)";
				SWIFT_EMIT_LOC_STRINGS = NO;
				SWIFT_VERSION = 5.0;
				TEST_HOST = "$(BUILT_PRODUCTS_DIR)/SwiftExplorer.app/$(BUNDLE_EXECUTABLE_FOLDER_PATH)/SwiftExplorer";
			};
			name = Release;
		};
/* End XCBuildConfiguration section */

/* Begin XCConfigurationList section */
		C58379C32C26A3440068D178 /* Build configuration list for PBXProject "SwiftExplorer" */ = {
			isa = XCConfigurationList;
			buildConfigurations = (
				C58379EB2C26A3460068D178 /* Debug */,
				C58379EC2C26A3460068D178 /* Release */,
			);
			defaultConfigurationIsVisible = 0;
			defaultConfigurationName = Release;
		};
		C58379ED2C26A3460068D178 /* Build configuration list for PBXNativeTarget "SwiftExplorer" */ = {
			isa = XCConfigurationList;
			buildConfigurations = (
				C58379EE2C26A3460068D178 /* Debug */,
				C58379EF2C26A3460068D178 /* Release */,
			);
			defaultConfigurationIsVisible = 0;
			defaultConfigurationName = Release;
		};
		C58379F02C26A3460068D178 /* Build configuration list for PBXNativeTarget "SwiftExplorerTests" */ = {
			isa = XCConfigurationList;
			buildConfigurations = (
				C58379F12C26A3460068D178 /* Debug */,
				C58379F22C26A3460068D178 /* Release */,
			);
			defaultConfigurationIsVisible = 0;
			defaultConfigurationName = Release;
		};
/* End XCConfigurationList section */

/* Begin XCRemoteSwiftPackageReference section */
		C58379F82C26B4110068D178 /* XCRemoteSwiftPackageReference "CodeEditor" */ = {
			isa = XCRemoteSwiftPackageReference;
			repositoryURL = "https://github.com/ZeeZide/CodeEditor";
			requirement = {
				kind = exactVersion;
				version = 1.2.4;
			};
		};
/* End XCRemoteSwiftPackageReference section */

/* Begin XCSwiftPackageProductDependency section */
		C519A74B2C26E10600BF91E3 /* Bytecode */ = {
			isa = XCSwiftPackageProductDependency;
			productName = Bytecode;
		};
		C58379FA2C26B43B0068D178 /* CodeEditor */ = {
			isa = XCSwiftPackageProductDependency;
			package = C58379F82C26B4110068D178 /* XCRemoteSwiftPackageReference "CodeEditor" */;
			productName = CodeEditor;
		};
/* End XCSwiftPackageProductDependency section */
	};
	rootObject = C58379C02C26A3440068D178 /* Project object */;
}
